// !$*UTF8*$!
{
	archiveVersion = 1;
	classes = {
	};
	objectVersion = 50;
	objects = {

/* Begin PBXBuildFile section */
		5432128B21A5114000144FFB /* AppDelegate.swift in Sources */ = {isa = PBXBuildFile; fileRef = 5432128A21A5114000144FFB /* AppDelegate.swift */; };
		5432129021A5114000144FFB /* Main.storyboard in Resources */ = {isa = PBXBuildFile; fileRef = 5432128E21A5114000144FFB /* Main.storyboard */; };
		5432129221A5114200144FFB /* Assets.xcassets in Resources */ = {isa = PBXBuildFile; fileRef = 5432129121A5114200144FFB /* Assets.xcassets */; };
		5432129521A5114200144FFB /* LaunchScreen.storyboard in Resources */ = {isa = PBXBuildFile; fileRef = 5432129321A5114200144FFB /* LaunchScreen.storyboard */; };
		5432129E21A511D700144FFB /* EmojiArtViewController.swift in Sources */ = {isa = PBXBuildFile; fileRef = 5432129D21A511D700144FFB /* EmojiArtViewController.swift */; };
		543212A021A5125400144FFB /* EmojiArtView.swift in Sources */ = {isa = PBXBuildFile; fileRef = 5432129F21A5125400144FFB /* EmojiArtView.swift */; };
		543212A221A5171E00144FFB /* Utilities.swift in Sources */ = {isa = PBXBuildFile; fileRef = 543212A121A5171E00144FFB /* Utilities.swift */; };
/* End PBXBuildFile section */

/* Begin PBXFileReference section */
		5432128721A5114000144FFB /* Swift-EmojiArt.app */ = {isa = PBXFileReference; explicitFileType = wrapper.application; includeInIndex = 0; path = "Swift-EmojiArt.app"; sourceTree = BUILT_PRODUCTS_DIR; };
		5432128A21A5114000144FFB /* AppDelegate.swift */ = {isa = PBXFileReference; lastKnownFileType = sourcecode.swift; path = AppDelegate.swift; sourceTree = "<group>"; };
		5432128F21A5114000144FFB /* Base */ = {isa = PBXFileReference; lastKnownFileType = file.storyboard; name = Base; path = Base.lproj/Main.storyboard; sourceTree = "<group>"; };
		5432129121A5114200144FFB /* Assets.xcassets */ = {isa = PBXFileReference; lastKnownFileType = folder.assetcatalog; path = Assets.xcassets; sourceTree = "<group>"; };
		5432129421A5114200144FFB /* Base */ = {isa = PBXFileReference; lastKnownFileType = file.storyboard; name = Base; path = Base.lproj/LaunchScreen.storyboard; sourceTree = "<group>"; };
		5432129621A5114200144FFB /* Info.plist */ = {isa = PBXFileReference; lastKnownFileType = text.plist.xml; path = Info.plist; sourceTree = "<group>"; };
		5432129D21A511D700144FFB /* EmojiArtViewController.swift */ = {isa = PBXFileReference; lastKnownFileType = sourcecode.swift; path = EmojiArtViewController.swift; sourceTree = "<group>"; };
		5432129F21A5125400144FFB /* EmojiArtView.swift */ = {isa = PBXFileReference; lastKnownFileType = sourcecode.swift; path = EmojiArtView.swift; sourceTree = "<group>"; };
		543212A121A5171E00144FFB /* Utilities.swift */ = {isa = PBXFileReference; lastKnownFileType = sourcecode.swift; path = Utilities.swift; sourceTree = "<group>"; };
/* End PBXFileReference section */

/* Begin PBXFrameworksBuildPhase section */
		5432128421A5114000144FFB /* Frameworks */ = {
			isa = PBXFrameworksBuildPhase;
			buildActionMask = 2147483647;
			files = (
			);
			runOnlyForDeploymentPostprocessing = 0;
		};
/* End PBXFrameworksBuildPhase section */

/* Begin PBXGroup section */
		5432127E21A5114000144FFB = {
			isa = PBXGroup;
			children = (
				5432128921A5114000144FFB /* Swift-EmojiArt */,
				5432128821A5114000144FFB /* Products */,
			);
			sourceTree = "<group>";
		};
		5432128821A5114000144FFB /* Products */ = {
			isa = PBXGroup;
			children = (
				5432128721A5114000144FFB /* Swift-EmojiArt.app */,
			);
			name = Products;
			sourceTree = "<group>";
		};
		5432128921A5114000144FFB /* Swift-EmojiArt */ = {
			isa = PBXGroup;
			children = (
				5432128E21A5114000144FFB /* Main.storyboard */,
				5432129F21A5125400144FFB /* EmojiArtView.swift */,
				5432129D21A511D700144FFB /* EmojiArtViewController.swift */,
				543212A121A5171E00144FFB /* Utilities.swift */,
				5432129C21A5115A00144FFB /* Supporting FIles */,
				5432129621A5114200144FFB /* Info.plist */,
			);
			path = "Swift-EmojiArt";
			sourceTree = "<group>";
		};
		5432129C21A5115A00144FFB /* Supporting FIles */ = {
			isa = PBXGroup;
			children = (
				5432128A21A5114000144FFB /* AppDelegate.swift */,
				5432129321A5114200144FFB /* LaunchScreen.storyboard */,
				5432129121A5114200144FFB /* Assets.xcassets */,
			);
			path = "Supporting FIles";
			sourceTree = "<group>";
		};
/* End PBXGroup section */

/* Begin PBXNativeTarget section */
		5432128621A5114000144FFB /* Swift-EmojiArt */ = {
			isa = PBXNativeTarget;
			buildConfigurationList = 5432129921A5114200144FFB /* Build configuration list for PBXNativeTarget "Swift-EmojiArt" */;
			buildPhases = (
				5432128321A5114000144FFB /* Sources */,
				5432128421A5114000144FFB /* Frameworks */,
				5432128521A5114000144FFB /* Resources */,
			);
			buildRules = (
			);
			dependencies = (
			);
			name = "Swift-EmojiArt";
			productName = "Swift-EmojiArt";
			productReference = 5432128721A5114000144FFB /* Swift-EmojiArt.app */;
			productType = "com.apple.product-type.application";
		};
/* End PBXNativeTarget section */

/* Begin PBXProject section */
		5432127F21A5114000144FFB /* Project object */ = {
			isa = PBXProject;
			attributes = {
				LastSwiftUpdateCheck = 1000;
				LastUpgradeCheck = 1000;
				ORGANIZATIONNAME = jiacheng;
				TargetAttributes = {
					5432128621A5114000144FFB = {
						CreatedOnToolsVersion = 10.0;
					};
				};
			};
			buildConfigurationList = 5432128221A5114000144FFB /* Build configuration list for PBXProject "Swift-EmojiArt" */;
			compatibilityVersion = "Xcode 9.3";
			developmentRegion = en;
			hasScannedForEncodings = 0;
			knownRegions = (
				en,
				Base,
			);
			mainGroup = 5432127E21A5114000144FFB;
			productRefGroup = 5432128821A5114000144FFB /* Products */;
			projectDirPath = "";
			projectRoot = "";
			targets = (
				5432128621A5114000144FFB /* Swift-EmojiArt */,
			);
		};
/* End PBXProject section */

/* Begin PBXResourcesBuildPhase section */
		5432128521A5114000144FFB /* Resources */ = {
			isa = PBXResourcesBuildPhase;
			buildActionMask = 2147483647;
			files = (
				5432129521A5114200144FFB /* LaunchScreen.storyboard in Resources */,
				5432129221A5114200144FFB /* Assets.xcassets in Resources */,
				5432129021A5114000144FFB /* Main.storyboard in Resources */,
			);
			runOnlyForDeploymentPostprocessing = 0;
		};
/* End PBXResourcesBuildPhase section */

/* Begin PBXSourcesBuildPhase section */
		5432128321A5114000144FFB /* Sources */ = {
			isa = PBXSourcesBuildPhase;
			buildActionMask = 2147483647;
			files = (
				5432128B21A5114000144FFB /* AppDelegate.swift in Sources */,
				5432129E21A511D700144FFB /* EmojiArtViewController.swift in Sources */,
				543212A221A5171E00144FFB /* Utilities.swift in Sources */,
				543212A021A5125400144FFB /* EmojiArtView.swift in Sources */,
			);
			runOnlyForDeploymentPostprocessing = 0;
		};
/* End PBXSourcesBuildPhase section */

/* Begin PBXVariantGroup section */
		5432128E21A5114000144FFB /* Main.storyboard */ = {
			isa = PBXVariantGroup;
			children = (
				5432128F21A5114000144FFB /* Base */,
			);
			name = Main.storyboard;
			sourceTree = "<group>";
		};
		5432129321A5114200144FFB /* LaunchScreen.storyboard */ = {
			isa = PBXVariantGroup;
			children = (
				5432129421A5114200144FFB /* Base */,
			);
			name = LaunchScreen.storyboard;
			sourceTree = "<group>";
		};
/* End PBXVariantGroup section */

/* Begin XCBuildConfiguration section */
		5432129721A5114200144FFB /* Debug */ = {
			isa = XCBuildConfiguration;
			buildSettings = {
				ALWAYS_SEARCH_USER_PATHS = NO;
				CLANG_ANALYZER_NONNULL = YES;
				CLANG_ANALYZER_NUMBER_OBJECT_CONVERSION = YES_AGGRESSIVE;
				CLANG_CXX_LANGUAGE_STANDARD = "gnu++14";
				CLANG_CXX_LIBRARY = "libc++";
				CLANG_ENABLE_MODULES = YES;
				CLANG_ENABLE_OBJC_ARC = YES;
				CLANG_ENABLE_OBJC_WEAK = YES;
				CLANG_WARN_BLOCK_CAPTURE_AUTORELEASING = YES;
				CLANG_WARN_BOOL_CONVERSION = YES;
				CLANG_WARN_COMMA = YES;
				CLANG_WARN_CONSTANT_CONVERSION = YES;
				CLANG_WARN_DEPRECATED_OBJC_IMPLEMENTATIONS = YES;
				CLANG_WARN_DIRECT_OBJC_ISA_USAGE = YES_ERROR;
				CLANG_WARN_DOCUMENTATION_COMMENTS = YES;
				CLANG_WARN_EMPTY_BODY = YES;
				CLANG_WARN_ENUM_CONVERSION = YES;
				CLANG_WARN_INFINITE_RECURSION = YES;
				CLANG_WARN_INT_CONVERSION = YES;
				CLANG_WARN_NON_LITERAL_NULL_CONVERSION = YES;
				CLANG_WARN_OBJC_IMPLICIT_RETAIN_SELF = YES;
				CLANG_WARN_OBJC_LITERAL_CONVERSION = YES;
				CLANG_WARN_OBJC_ROOT_CLASS = YES_ERROR;
				CLANG_WARN_RANGE_LOOP_ANALYSIS = YES;
				CLANG_WARN_STRICT_PROTOTYPES = YES;
				CLANG_WARN_SUSPICIOUS_MOVE = YES;
				CLANG_WARN_UNGUARDED_AVAILABILITY = YES_AGGRESSIVE;
				CLANG_WARN_UNREACHABLE_CODE = YES;
				CLANG_WARN__DUPLICATE_METHOD_MATCH = YES;
				CODE_SIGN_IDENTITY = "iPhone Developer";
				COPY_PHASE_STRIP = NO;
				DEBUG_INFORMATION_FORMAT = dwarf;
				ENABLE_STRICT_OBJC_MSGSEND = YES;
				ENABLE_TESTABILITY = YES;
				GCC_C_LANGUAGE_STANDARD = gnu11;
				GCC_DYNAMIC_NO_PIC = NO;
				GCC_NO_COMMON_BLOCKS = YES;
				GCC_OPTIMIZATION_LEVEL = 0;
				GCC_PREPROCESSOR_DEFINITIONS = (
					"DEBUG=1",
					"$(inherited)",
				);
				GCC_WARN_64_TO_32_BIT_CONVERSION = YES;
				GCC_WARN_ABOUT_RETURN_TYPE = YES_ERROR;
				GCC_WARN_UNDECLARED_SELECTOR = YES;
				GCC_WARN_UNINITIALIZED_AUTOS = YES_AGGRESSIVE;
				GCC_WARN_UNUSED_FUNCTION = YES;
				GCC_WARN_UNUSED_VARIABLE = YES;
				IPHONEOS_DEPLOYMENT_TARGET = 12.0;
				MTL_ENABLE_DEBUG_INFO = INCLUDE_SOURCE;
				MTL_FAST_MATH = YES;
				ONLY_ACTIVE_ARCH = YES;
				SDKROOT = iphoneos;
				SWIFT_ACTIVE_COMPILATION_CONDITIONS = DEBUG;
				SWIFT_OPTIMIZATION_LEVEL = "-Onone";
			};
			name = Debug;
		};
		5432129821A5114200144FFB /* Release */ = {
			isa = XCBuildConfiguration;
			buildSettings = {
				ALWAYS_SEARCH_USER_PATHS = NO;
				CLANG_ANALYZER_NONNULL = YES;
				CLANG_ANALYZER_NUMBER_OBJECT_CONVERSION = YES_AGGRESSIVE;
				CLANG_CXX_LANGUAGE_STANDARD = "gnu++14";
				CLANG_CXX_LIBRARY = "libc++";
				CLANG_ENABLE_MODULES = YES;
				CLANG_ENABLE_OBJC_ARC = YES;
				CLANG_ENABLE_OBJC_WEAK = YES;
				CLANG_WARN_BLOCK_CAPTURE_AUTORELEASING = YES;
				CLANG_WARN_BOOL_CONVERSION = YES;
				CLANG_WARN_COMMA = YES;
				CLANG_WARN_CONSTANT_CONVERSION = YES;
				CLANG_WARN_DEPRECATED_OBJC_IMPLEMENTATIONS = YES;
				CLANG_WARN_DIRECT_OBJC_ISA_USAGE = YES_ERROR;
				CLANG_WARN_DOCUMENTATION_COMMENTS = YES;
				CLANG_WARN_EMPTY_BODY = YES;
				CLANG_WARN_ENUM_CONVERSION = YES;
				CLANG_WARN_INFINITE_RECURSION = YES;
				CLANG_WARN_INT_CONVERSION = YES;
				CLANG_WARN_NON_LITERAL_NULL_CONVERSION = YES;
				CLANG_WARN_OBJC_IMPLICIT_RETAIN_SELF = YES;
				CLANG_WARN_OBJC_LITERAL_CONVERSION = YES;
				CLANG_WARN_OBJC_ROOT_CLASS = YES_ERROR;
				CLANG_WARN_RANGE_LOOP_ANALYSIS = YES;
				CLANG_WARN_STRICT_PROTOTYPES = YES;
				CLANG_WARN_SUSPICIOUS_MOVE = YES;
				CLANG_WARN_UNGUARDED_AVAILABILITY = YES_AGGRESSIVE;
				CLANG_WARN_UNREACHABLE_CODE = YES;
				CLANG_WARN__DUPLICATE_METHOD_MATCH = YES;
				CODE_SIGN_IDENTITY = "iPhone Developer";
				COPY_PHASE_STRIP = NO;
				DEBUG_INFORMATION_FORMAT = "dwarf-with-dsym";
				ENABLE_NS_ASSERTIONS = NO;
				ENABLE_STRICT_OBJC_MSGSEND = YES;
				GCC_C_LANGUAGE_STANDARD = gnu11;
				GCC_NO_COMMON_BLOCKS = YES;
				GCC_WARN_64_TO_32_BIT_CONVERSION = YES;
				GCC_WARN_ABOUT_RETURN_TYPE = YES_ERROR;
				GCC_WARN_UNDECLARED_SELECTOR = YES;
				GCC_WARN_UNINITIALIZED_AUTOS = YES_AGGRESSIVE;
				GCC_WARN_UNUSED_FUNCTION = YES;
				GCC_WARN_UNUSED_VARIABLE = YES;
				IPHONEOS_DEPLOYMENT_TARGET = 12.0;
				MTL_ENABLE_DEBUG_INFO = NO;
				MTL_FAST_MATH = YES;
				SDKROOT = iphoneos;
				SWIFT_COMPILATION_MODE = wholemodule;
				SWIFT_OPTIMIZATION_LEVEL = "-O";
				VALIDATE_PRODUCT = YES;
			};
			name = Release;
		};
		5432129A21A5114200144FFB /* Debug */ = {
			isa = XCBuildConfiguration;
			buildSettings = {
				ASSETCATALOG_COMPILER_APPICON_NAME = AppIcon;
				CODE_SIGN_STYLE = Automatic;
				DEVELOPMENT_TEAM = KJCZ3M9BA6;
				INFOPLIST_FILE = "Swift-EmojiArt/Info.plist";
				LD_RUNPATH_SEARCH_PATHS = (
					"$(inherited)",
					"@executable_path/Frameworks",
				);
				PRODUCT_BUNDLE_IDENTIFIER = "Jiacheng-Sun.Swift-EmojiArt";
				PRODUCT_NAME = "$(TARGET_NAME)";
				SWIFT_VERSION = 4.2;
				TARGETED_DEVICE_FAMILY = "1,2";
			};
			name = Debug;
		};
		5432129B21A5114200144FFB /* Release */ = {
			isa = XCBuildConfiguration;
			buildSettings = {
				ASSETCATALOG_COMPILER_APPICON_NAME = AppIcon;
				CODE_SIGN_STYLE = Automatic;
				DEVELOPMENT_TEAM = KJCZ3M9BA6;
				INFOPLIST_FILE = "Swift-EmojiArt/Info.plist";
				LD_RUNPATH_SEARCH_PATHS = (
					"$(inherited)",
					"@executable_path/Frameworks",
				);
				PRODUCT_BUNDLE_IDENTIFIER = "Jiacheng-Sun.Swift-EmojiArt";
				PRODUCT_NAME = "$(TARGET_NAME)";
				SWIFT_VERSION = 4.2;
				TARGETED_DEVICE_FAMILY = "1,2";
			};
			name = Release;
		};
/* End XCBuildConfiguration section */

/* Begin XCConfigurationList section */
		5432128221A5114000144FFB /* Build configuration list for PBXProject "Swift-EmojiArt" */ = {
			isa = XCConfigurationList;
			buildConfigurations = (
				5432129721A5114200144FFB /* Debug */,
				5432129821A5114200144FFB /* Release */,
			);
			defaultConfigurationIsVisible = 0;
			defaultConfigurationName = Release;
		};
		5432129921A5114200144FFB /* Build configuration list for PBXNativeTarget "Swift-EmojiArt" */ = {
			isa = XCConfigurationList;
			buildConfigurations = (
				5432129A21A5114200144FFB /* Debug */,
				5432129B21A5114200144FFB /* Release */,
			);
			defaultConfigurationIsVisible = 0;
			defaultConfigurationName = Release;
		};
/* End XCConfigurationList section */
	};
	rootObject = 5432127F21A5114000144FFB /* Project object */;
}
